
Microsoft Visual Studio Solution File, Format Version 12.00
# Visual Studio Version 17
VisualStudioVersion = 17.2.32630.192
MinimumVisualStudioVersion = 10.0.40219.1
Project("{9A19103F-16F7-4668-BE54-9A1E7A4F7556}") = "R5T.Z0058", "R5T.Z0058\R5T.Z0058.csproj", "{C32852E8-83DB-44FA-8E41-1089ED389C76}"
EndProject
Global
	GlobalSection(SolutionConfigurationPlatforms) = preSolution
		Debug|Any CPU = Debug|Any CPU
		Release|Any CPU = Release|Any CPU
	EndGlobalSection
	GlobalSection(ProjectConfigurationPlatforms) = postSolution
		{C32852E8-83DB-44FA-8E41-1089ED389C76}.Debug|Any CPU.ActiveCfg = Debug|Any CPU
		{C32852E8-83DB-44FA-8E41-1089ED389C76}.Debug|Any CPU.Build.0 = Debug|Any CPU
		{C32852E8-83DB-44FA-8E41-1089ED389C76}.Release|Any CPU.ActiveCfg = Release|Any CPU
		{C32852E8-83DB-44FA-8E41-1089ED389C76}.Release|Any CPU.Build.0 = Release|Any CPU
	EndGlobalSection
	GlobalSection(SolutionProperties) = preSolution
		HideSolutionNode = FALSE
	EndGlobalSection
	GlobalSection(ExtensibilityGlobals) = postSolution
		SolutionGuid = {00C44BC4-415D-436E-B0D9-C311A0453F7E}
	EndGlobalSection
EndGlobal
